// !$*UTF8*$!
{
	archiveVersion = 1;
	classes = {
	};
	objectVersion = 46;
	objects = {

/* Begin PBXBuildFile section */
		985C456E1ED25C1B006DC57C /* AppDelegate.swift in Sources */ = {isa = PBXBuildFile; fileRef = 985C456D1ED25C1B006DC57C /* AppDelegate.swift */; };
		985C45701ED25C1B006DC57C /* ViewController.swift in Sources */ = {isa = PBXBuildFile; fileRef = 985C456F1ED25C1B006DC57C /* ViewController.swift */; };
		985C45731ED25C1B006DC57C /* Main.storyboard in Resources */ = {isa = PBXBuildFile; fileRef = 985C45711ED25C1B006DC57C /* Main.storyboard */; };
		985C45751ED25C1B006DC57C /* Assets.xcassets in Resources */ = {isa = PBXBuildFile; fileRef = 985C45741ED25C1B006DC57C /* Assets.xcassets */; };
		985C45781ED25C1B006DC57C /* LaunchScreen.storyboard in Resources */ = {isa = PBXBuildFile; fileRef = 985C45761ED25C1B006DC57C /* LaunchScreen.storyboard */; };
		985C45801ED25D56006DC57C /* GoogleService-Info.plist in Resources */ = {isa = PBXBuildFile; fileRef = 985C457F1ED25D56006DC57C /* GoogleService-Info.plist */; };
		9FABDB22E7009EFF223FE760 /* Pods_FirebaseTest.framework in Frameworks */ = {isa = PBXBuildFile; fileRef = 253246077F267C6EF9AE1859 /* Pods_FirebaseTest.framework */; };
/* End PBXBuildFile section */

/* Begin PBXFileReference section */
		253246077F267C6EF9AE1859 /* Pods_FirebaseTest.framework */ = {isa = PBXFileReference; explicitFileType = wrapper.framework; includeInIndex = 0; path = Pods_FirebaseTest.framework; sourceTree = BUILT_PRODUCTS_DIR; };
		5ACA29FD5518E11A063265FE /* Pods-FirebaseTest.debug.xcconfig */ = {isa = PBXFileReference; includeInIndex = 1; lastKnownFileType = text.xcconfig; name = "Pods-FirebaseTest.debug.xcconfig"; path = "Pods/Target Support Files/Pods-FirebaseTest/Pods-FirebaseTest.debug.xcconfig"; sourceTree = "<group>"; };
		985C456A1ED25C1B006DC57C /* FirebaseTest.app */ = {isa = PBXFileReference; explicitFileType = wrapper.application; includeInIndex = 0; path = FirebaseTest.app; sourceTree = BUILT_PRODUCTS_DIR; };
		985C456D1ED25C1B006DC57C /* AppDelegate.swift */ = {isa = PBXFileReference; lastKnownFileType = sourcecode.swift; path = AppDelegate.swift; sourceTree = "<group>"; };
		985C456F1ED25C1B006DC57C /* ViewController.swift */ = {isa = PBXFileReference; lastKnownFileType = sourcecode.swift; path = ViewController.swift; sourceTree = "<group>"; };
		985C45721ED25C1B006DC57C /* Base */ = {isa = PBXFileReference; lastKnownFileType = file.storyboard; name = Base; path = Base.lproj/Main.storyboard; sourceTree = "<group>"; };
		985C45741ED25C1B006DC57C /* Assets.xcassets */ = {isa = PBXFileReference; lastKnownFileType = folder.assetcatalog; path = Assets.xcassets; sourceTree = "<group>"; };
		985C45771ED25C1B006DC57C /* Base */ = {isa = PBXFileReference; lastKnownFileType = file.storyboard; name = Base; path = Base.lproj/LaunchScreen.storyboard; sourceTree = "<group>"; };
		985C45791ED25C1B006DC57C /* Info.plist */ = {isa = PBXFileReference; lastKnownFileType = text.plist.xml; path = Info.plist; sourceTree = "<group>"; };
		985C457F1ED25D56006DC57C /* GoogleService-Info.plist */ = {isa = PBXFileReference; fileEncoding = 4; lastKnownFileType = text.plist.xml; path = "GoogleService-Info.plist"; sourceTree = "<group>"; };
		CE3745CACBD627581F8E2D1C /* Pods-FirebaseTest.release.xcconfig */ = {isa = PBXFileReference; includeInIndex = 1; lastKnownFileType = text.xcconfig; name = "Pods-FirebaseTest.release.xcconfig"; path = "Pods/Target Support Files/Pods-FirebaseTest/Pods-FirebaseTest.release.xcconfig"; sourceTree = "<group>"; };
/* End PBXFileReference section */

/* Begin PBXFrameworksBuildPhase section */
		985C45671ED25C1B006DC57C /* Frameworks */ = {
			isa = PBXFrameworksBuildPhase;
			buildActionMask = 2147483647;
			files = (
				9FABDB22E7009EFF223FE760 /* Pods_FirebaseTest.framework in Frameworks */,
			);
			runOnlyForDeploymentPostprocessing = 0;
		};
/* End PBXFrameworksBuildPhase section */

/* Begin PBXGroup section */
		1745E1AE3C5B267C45ABA045 /* Frameworks */ = {
			isa = PBXGroup;
			children = (
				253246077F267C6EF9AE1859 /* Pods_FirebaseTest.framework */,
			);
			name = Frameworks;
			sourceTree = "<group>";
		};
		93D87BBAEE43DC5765D83A4B /* Pods */ = {
			isa = PBXGroup;
			children = (
				5ACA29FD5518E11A063265FE /* Pods-FirebaseTest.debug.xcconfig */,
				CE3745CACBD627581F8E2D1C /* Pods-FirebaseTest.release.xcconfig */,
			);
			name = Pods;
			sourceTree = "<group>";
		};
		985C45611ED25C1B006DC57C = {
			isa = PBXGroup;
			children = (
				985C456C1ED25C1B006DC57C /* FirebaseTest */,
				985C456B1ED25C1B006DC57C /* Products */,
				93D87BBAEE43DC5765D83A4B /* Pods */,
				1745E1AE3C5B267C45ABA045 /* Frameworks */,
			);
			sourceTree = "<group>";
		};
		985C456B1ED25C1B006DC57C /* Products */ = {
			isa = PBXGroup;
			children = (
				985C456A1ED25C1B006DC57C /* FirebaseTest.app */,
			);
			name = Products;
			sourceTree = "<group>";
		};
		985C456C1ED25C1B006DC57C /* FirebaseTest */ = {
			isa = PBXGroup;
			children = (
				985C456D1ED25C1B006DC57C /* AppDelegate.swift */,
				985C456F1ED25C1B006DC57C /* ViewController.swift */,
				985C45711ED25C1B006DC57C /* Main.storyboard */,
				985C45741ED25C1B006DC57C /* Assets.xcassets */,
				985C45761ED25C1B006DC57C /* LaunchScreen.storyboard */,
				985C457F1ED25D56006DC57C /* GoogleService-Info.plist */,
				985C45791ED25C1B006DC57C /* Info.plist */,
			);
			path = FirebaseTest;
			sourceTree = "<group>";
		};
/* End PBXGroup section */

/* Begin PBXNativeTarget section */
		985C45691ED25C1B006DC57C /* FirebaseTest */ = {
			isa = PBXNativeTarget;
			buildConfigurationList = 985C457C1ED25C1B006DC57C /* Build configuration list for PBXNativeTarget "FirebaseTest" */;
			buildPhases = (
				B96678166B123B6F35E53E4C /* [CP] Check Pods Manifest.lock */,
				985C45661ED25C1B006DC57C /* Sources */,
				985C45671ED25C1B006DC57C /* Frameworks */,
				985C45681ED25C1B006DC57C /* Resources */,
				C1D8BBDD066BEF0C949B3653 /* [CP] Embed Pods Frameworks */,
				A80406E49DC2613B9A4E74E5 /* [CP] Copy Pods Resources */,
			);
			buildRules = (
			);
			dependencies = (
			);
			name = FirebaseTest;
			productName = FirebaseTest;
			productReference = 985C456A1ED25C1B006DC57C /* FirebaseTest.app */;
			productType = "com.apple.product-type.application";
		};
/* End PBXNativeTarget section */

/* Begin PBXProject section */
		985C45621ED25C1B006DC57C /* Project object */ = {
			isa = PBXProject;
			attributes = {
				LastSwiftUpdateCheck = 0830;
				LastUpgradeCheck = 0830;
				ORGANIZATIONNAME = "Jack Ngai";
				TargetAttributes = {
					985C45691ED25C1B006DC57C = {
						CreatedOnToolsVersion = 8.3.2;
						DevelopmentTeam = 56SGSJ5YCY;
						ProvisioningStyle = Automatic;
					};
				};
			};
			buildConfigurationList = 985C45651ED25C1B006DC57C /* Build configuration list for PBXProject "FirebaseTest" */;
			compatibilityVersion = "Xcode 3.2";
			developmentRegion = English;
			hasScannedForEncodings = 0;
			knownRegions = (
				en,
				Base,
			);
			mainGroup = 985C45611ED25C1B006DC57C;
			productRefGroup = 985C456B1ED25C1B006DC57C /* Products */;
			projectDirPath = "";
			projectRoot = "";
			targets = (
				985C45691ED25C1B006DC57C /* FirebaseTest */,
			);
		};
/* End PBXProject section */

/* Begin PBXResourcesBuildPhase section */
		985C45681ED25C1B006DC57C /* Resources */ = {
			isa = PBXResourcesBuildPhase;
			buildActionMask = 2147483647;
			files = (
				985C45781ED25C1B006DC57C /* LaunchScreen.storyboard in Resources */,
				985C45801ED25D56006DC57C /* GoogleService-Info.plist in Resources */,
				985C45751ED25C1B006DC57C /* Assets.xcassets in Resources */,
				985C45731ED25C1B006DC57C /* Main.storyboard in Resources */,
			);
			runOnlyForDeploymentPostprocessing = 0;
		};
/* End PBXResourcesBuildPhase section */

/* Begin PBXShellScriptBuildPhase section */
		A80406E49DC2613B9A4E74E5 /* [CP] Copy Pods Resources */ = {
			isa = PBXShellScriptBuildPhase;
			buildActionMask = 2147483647;
			files = (
			);
			inputPaths = (
			);
			name = "[CP] Copy Pods Resources";
			outputPaths = (
			);
			runOnlyForDeploymentPostprocessing = 0;
			shellPath = /bin/sh;
			shellScript = "\"${SRCROOT}/Pods/Target Support Files/Pods-FirebaseTest/Pods-FirebaseTest-resources.sh\"\n";
			showEnvVarsInLog = 0;
		};
		B96678166B123B6F35E53E4C /* [CP] Check Pods Manifest.lock */ = {
			isa = PBXShellScriptBuildPhase;
			buildActionMask = 2147483647;
			files = (
			);
			inputPaths = (
			);
			name = "[CP] Check Pods Manifest.lock";
			outputPaths = (
			);
			runOnlyForDeploymentPostprocessing = 0;
			shellPath = /bin/sh;
			shellScript = "diff \"${PODS_ROOT}/../Podfile.lock\" \"${PODS_ROOT}/Manifest.lock\" > /dev/null\nif [ $? != 0 ] ; then\n    # print error to STDERR\n    echo \"error: The sandbox is not in sync with the Podfile.lock. Run 'pod install' or update your CocoaPods installation.\" >&2\n    exit 1\nfi\n";
			showEnvVarsInLog = 0;
		};
		C1D8BBDD066BEF0C949B3653 /* [CP] Embed Pods Frameworks */ = {
			isa = PBXShellScriptBuildPhase;
			buildActionMask = 2147483647;
			files = (
			);
			inputPaths = (
			);
			name = "[CP] Embed Pods Frameworks";
			outputPaths = (
			);
			runOnlyForDeploymentPostprocessing = 0;
			shellPath = /bin/sh;
			shellScript = "\"${SRCROOT}/Pods/Target Support Files/Pods-FirebaseTest/Pods-FirebaseTest-frameworks.sh\"\n";
			showEnvVarsInLog = 0;
		};
/* End PBXShellScriptBuildPhase section */

/* Begin PBXSourcesBuildPhase section */
		985C45661ED25C1B006DC57C /* Sources */ = {
			isa = PBXSourcesBuildPhase;
			buildActionMask = 2147483647;
			files = (
				985C45701ED25C1B006DC57C /* ViewController.swift in Sources */,
				985C456E1ED25C1B006DC57C /* AppDelegate.swift in Sources */,
			);
			runOnlyForDeploymentPostprocessing = 0;
		};
/* End PBXSourcesBuildPhase section */

/* Begin PBXVariantGroup section */
		985C45711ED25C1B006DC57C /* Main.storyboard */ = {
			isa = PBXVariantGroup;
			children = (
				985C45721ED25C1B006DC57C /* Base */,
			);
			name = Main.storyboard;
			sourceTree = "<group>";
		};
		985C45761ED25C1B006DC57C /* LaunchScreen.storyboard */ = {
			isa = PBXVariantGroup;
			children = (
				985C45771ED25C1B006DC57C /* Base */,
			);
			name = LaunchScreen.storyboard;
			sourceTree = "<group>";
		};
/* End PBXVariantGroup section */

/* Begin XCBuildConfiguration section */
		985C457A1ED25C1B006DC57C /* Debug */ = {
			isa = XCBuildConfiguration;
			buildSettings = {
				ALWAYS_SEARCH_USER_PATHS = NO;
				CLANG_ANALYZER_NONNULL = YES;
				CLANG_ANALYZER_NUMBER_OBJECT_CONVERSION = YES_AGGRESSIVE;
				CLANG_CXX_LANGUAGE_STANDARD = "gnu++0x";
				CLANG_CXX_LIBRARY = "libc++";
				CLANG_ENABLE_MODULES = YES;
				CLANG_ENABLE_OBJC_ARC = YES;
				CLANG_WARN_BOOL_CONVERSION = YES;
				CLANG_WARN_CONSTANT_CONVERSION = YES;
				CLANG_WARN_DIRECT_OBJC_ISA_USAGE = YES_ERROR;
				CLANG_WARN_DOCUMENTATION_COMMENTS = YES;
				CLANG_WARN_EMPTY_BODY = YES;
				CLANG_WARN_ENUM_CONVERSION = YES;
				CLANG_WARN_INFINITE_RECURSION = YES;
				CLANG_WARN_INT_CONVERSION = YES;
				CLANG_WARN_OBJC_ROOT_CLASS = YES_ERROR;
				CLANG_WARN_SUSPICIOUS_MOVE = YES;
				CLANG_WARN_UNREACHABLE_CODE = YES;
				CLANG_WARN__DUPLICATE_METHOD_MATCH = YES;
				"CODE_SIGN_IDENTITY[sdk=iphoneos*]" = "iPhone Developer";
				COPY_PHASE_STRIP = NO;
				DEBUG_INFORMATION_FORMAT = dwarf;
				ENABLE_STRICT_OBJC_MSGSEND = YES;
				ENABLE_TESTABILITY = YES;
				GCC_C_LANGUAGE_STANDARD = gnu99;
				GCC_DYNAMIC_NO_PIC = NO;
				GCC_NO_COMMON_BLOCKS = YES;
				GCC_OPTIMIZATION_LEVEL = 0;
				GCC_PREPROCESSOR_DEFINITIONS = (
					"DEBUG=1",
					"$(inherited)",
				);
				GCC_WARN_64_TO_32_BIT_CONVERSION = YES;
				GCC_WARN_ABOUT_RETURN_TYPE = YES_ERROR;
				GCC_WARN_UNDECLARED_SELECTOR = YES;
				GCC_WARN_UNINITIALIZED_AUTOS = YES_AGGRESSIVE;
				GCC_WARN_UNUSED_FUNCTION = YES;
				GCC_WARN_UNUSED_VARIABLE = YES;
				IPHONEOS_DEPLOYMENT_TARGET = 10.3;
				MTL_ENABLE_DEBUG_INFO = YES;
				ONLY_ACTIVE_ARCH = YES;
				SDKROOT = iphoneos;
				SWIFT_ACTIVE_COMPILATION_CONDITIONS = DEBUG;
				SWIFT_OPTIMIZATION_LEVEL = "-Onone";
				TARGETED_DEVICE_FAMILY = "1,2";
			};
			name = Debug;
		};
		985C457B1ED25C1B006DC57C /* Release */ = {
			isa = XCBuildConfiguration;
			buildSettings = {
				ALWAYS_SEARCH_USER_PATHS = NO;
				CLANG_ANALYZER_NONNULL = YES;
				CLANG_ANALYZER_NUMBER_OBJECT_CONVERSION = YES_AGGRESSIVE;
				CLANG_CXX_LANGUAGE_STANDARD = "gnu++0x";
				CLANG_CXX_LIBRARY = "libc++";
				CLANG_ENABLE_MODULES = YES;
				CLANG_ENABLE_OBJC_ARC = YES;
				CLANG_WARN_BOOL_CONVERSION = YES;
				CLANG_WARN_CONSTANT_CONVERSION = YES;
				CLANG_WARN_DIRECT_OBJC_ISA_USAGE = YES_ERROR;
				CLANG_WARN_DOCUMENTATION_COMMENTS = YES;
				CLANG_WARN_EMPTY_BODY = YES;
				CLANG_WARN_ENUM_CONVERSION = YES;
				CLANG_WARN_INFINITE_RECURSION = YES;
				CLANG_WARN_INT_CONVERSION = YES;
				CLANG_WARN_OBJC_ROOT_CLASS = YES_ERROR;
				CLANG_WARN_SUSPICIOUS_MOVE = YES;
				CLANG_WARN_UNREACHABLE_CODE = YES;
				CLANG_WARN__DUPLICATE_METHOD_MATCH = YES;
				"CODE_SIGN_IDENTITY[sdk=iphoneos*]" = "iPhone Developer";
				COPY_PHASE_STRIP = NO;
				DEBUG_INFORMATION_FORMAT = "dwarf-with-dsym";
				ENABLE_NS_ASSERTIONS = NO;
				ENABLE_STRICT_OBJC_MSGSEND = YES;
				GCC_C_LANGUAGE_STANDARD = gnu99;
				GCC_NO_COMMON_BLOCKS = YES;
				GCC_WARN_64_TO_32_BIT_CONVERSION = YES;
				GCC_WARN_ABOUT_RETURN_TYPE = YES_ERROR;
				GCC_WARN_UNDECLARED_SELECTOR = YES;
				GCC_WARN_UNINITIALIZED_AUTOS = YES_AGGRESSIVE;
				GCC_WARN_UNUSED_FUNCTION = YES;
				GCC_WARN_UNUSED_VARIABLE = YES;
				IPHONEOS_DEPLOYMENT_TARGET = 10.3;
				MTL_ENABLE_DEBUG_INFO = NO;
				SDKROOT = iphoneos;
				SWIFT_OPTIMIZATION_LEVEL = "-Owholemodule";
				TARGETED_DEVICE_FAMILY = "1,2";
				VALIDATE_PRODUCT = YES;
			};
			name = Release;
		};
		985C457D1ED25C1B006DC57C /* Debug */ = {
			isa = XCBuildConfiguration;
			baseConfigurationReference = 5ACA29FD5518E11A063265FE /* Pods-FirebaseTest.debug.xcconfig */;
			buildSettings = {
				ASSETCATALOG_COMPILER_APPICON_NAME = AppIcon;
				DEVELOPMENT_TEAM = 56SGSJ5YCY;
				INFOPLIST_FILE = FirebaseTest/Info.plist;
				LD_RUNPATH_SEARCH_PATHS = "$(inherited) @executable_path/Frameworks";
				PRODUCT_BUNDLE_IDENTIFIER = com.jackngai.FirebaseTest;
				PRODUCT_NAME = "$(TARGET_NAME)";
				SWIFT_VERSION = 3.0;
			};
			name = Debug;
		};
		985C457E1ED25C1B006DC57C /* Release */ = {
			isa = XCBuildConfiguration;
			baseConfigurationReference = CE3745CACBD627581F8E2D1C /* Pods-FirebaseTest.release.xcconfig */;
			buildSettings = {
				ASSETCATALOG_COMPILER_APPICON_NAME = AppIcon;
				DEVELOPMENT_TEAM = 56SGSJ5YCY;
				INFOPLIST_FILE = FirebaseTest/Info.plist;
				LD_RUNPATH_SEARCH_PATHS = "$(inherited) @executable_path/Frameworks";
				PRODUCT_BUNDLE_IDENTIFIER = com.jackngai.FirebaseTest;
				PRODUCT_NAME = "$(TARGET_NAME)";
				SWIFT_VERSION = 3.0;
			};
			name = Release;
		};
/* End XCBuildConfiguration section */

/* Begin XCConfigurationList section */
		985C45651ED25C1B006DC57C /* Build configuration list for PBXProject "FirebaseTest" */ = {
			isa = XCConfigurationList;
			buildConfigurations = (
				985C457A1ED25C1B006DC57C /* Debug */,
				985C457B1ED25C1B006DC57C /* Release */,
			);
			defaultConfigurationIsVisible = 0;
			defaultConfigurationName = Release;
		};
		985C457C1ED25C1B006DC57C /* Build configuration list for PBXNativeTarget "FirebaseTest" */ = {
			isa = XCConfigurationList;
			buildConfigurations = (
				985C457D1ED25C1B006DC57C /* Debug */,
				985C457E1ED25C1B006DC57C /* Release */,
			);
			defaultConfigurationIsVisible = 0;
		};
/* End XCConfigurationList section */
	};
	rootObject = 985C45621ED25C1B006DC57C /* Project object */;
}
